// !$*UTF8*$!
{
	archiveVersion = 1;
	classes = {
	};
	objectVersion = 77;
	objects = {

/* Begin PBXBuildFile section */
		0397B213A2C11F51C7A2EBD2 /* Assets.xcassets in Resources */ = {isa = PBXBuildFile; fileRef = 3EBEF5EED37D51458C482AC4 /* Assets.xcassets */; };
		0B34DE6E2D6CCD5064ABEE66 /* WebViewHost.swift in Sources */ = {isa = PBXBuildFile; fileRef = DA65E403BA6A23E8DEF11082 /* WebViewHost.swift */; };
		0F675979F0E897179550119D /* WebViewManager.swift in Sources */ = {isa = PBXBuildFile; fileRef = 01DC8E1DC37D4F4C3C71A038 /* WebViewManager.swift */; };
		10DB7856F371B70147038E72 /* MenuActions.swift in Sources */ = {isa = PBXBuildFile; fileRef = 38BA76FEFE40A03A2F3E709E /* MenuActions.swift */; };
		1493600E01F55BF186B4680D /* MacAppDelegate.swift in Sources */ = {isa = PBXBuildFile; fileRef = 7A6A5B920B06CC0DCE444608 /* MacAppDelegate.swift */; };
		16E01EEDD0FF0DD9247D3962 /* SetupView.swift in Sources */ = {isa = PBXBuildFile; fileRef = 54BBA7157D64D84DE2038504 /* SetupView.swift */; };
		1A1131E268CC52CAA6F32234 /* TasksWidgetViews.swift in Sources */ = {isa = PBXBuildFile; fileRef = F5E6B867A41342C3900ECE01 /* TasksWidgetViews.swift */; };
		1E09B45CC465F173871345A1 /* SwiftUI.framework in Frameworks */ = {isa = PBXBuildFile; fileRef = CCEA4FB581FB3B2E6B2CBB65 /* SwiftUI.framework */; };
		21209A9C1D48956AA56CCA9B /* APIClient.swift in Sources */ = {isa = PBXBuildFile; fileRef = 456B0402D3211FEEE9D56F67 /* APIClient.swift */; };
		2A8EA7DBADE9DF2C965DAD63 /* DateHelpers.swift in Sources */ = {isa = PBXBuildFile; fileRef = C605F50E331B33C23631EE81 /* DateHelpers.swift */; };
		2ACFFF7B3CB81D12BFC9AC0D /* KeychainHelper.swift in Sources */ = {isa = PBXBuildFile; fileRef = D48B4A75163FF407F49D160B /* KeychainHelper.swift */; };
		33CF5D1C7C74D001B90D2E1B /* TasksWidget.swift in Sources */ = {isa = PBXBuildFile; fileRef = 16B02ED85AD6D71F5E9BEFF2 /* TasksWidget.swift */; };
		34B70C4530803D25110BE465 /* RemindersWidget.swift in Sources */ = {isa = PBXBuildFile; fileRef = 8F070FBA4B04FE941D838C58 /* RemindersWidget.swift */; };
		3F5F24E827B5E77749258D0F /* WidgetKit.framework in Frameworks */ = {isa = PBXBuildFile; fileRef = 79B196EB051C2A6103B3CB4E /* WidgetKit.framework */; };
		44C5A3993A906B44D2AD2CE7 /* TrackWidgetViews.swift in Sources */ = {isa = PBXBuildFile; fileRef = 2EA0557D2E026571049F1EF2 /* TrackWidgetViews.swift */; };
		4AAFC03D30E04FA841BE999D /* OpenTaskMacApp.swift in Sources */ = {isa = PBXBuildFile; fileRef = 8AD02E9C8EEFCD5774761B19 /* OpenTaskMacApp.swift */; };
		4B5D27BAD6E46632BF5F65FF /* KeychainHelper.swift in Sources */ = {isa = PBXBuildFile; fileRef = D48B4A75163FF407F49D160B /* KeychainHelper.swift */; };
		4D1CD89019963DFB2B9B3782 /* AppConfig.swift in Sources */ = {isa = PBXBuildFile; fileRef = 124940586D73E6C268F9E443 /* AppConfig.swift */; };
		52209900BB7B38B4D5C46CBE /* NotificationConstants.swift in Sources */ = {isa = PBXBuildFile; fileRef = 606B27B10869F5EC627043D9 /* NotificationConstants.swift */; };
		555E58F6C1F1328E6D692AED /* WidgetTheme.swift in Sources */ = {isa = PBXBuildFile; fileRef = 8191D69C950AB5453FA795F7 /* WidgetTheme.swift */; };
		5B23A255E708A92C2D1DC783 /* SampleData.swift in Sources */ = {isa = PBXBuildFile; fileRef = 063D351611FEE1FDCC48702D /* SampleData.swift */; };
		6D835FFC83B34D8653FACAF4 /* OpenTaskModels.swift in Sources */ = {isa = PBXBuildFile; fileRef = 7F814F05408288A5A627F9CC /* OpenTaskModels.swift */; };
		8465F733F4E375E70C51CEA8 /* TrackWidget.swift in Sources */ = {isa = PBXBuildFile; fileRef = 5E39F4F4D318A4F799F9C29D /* TrackWidget.swift */; };
		86647EEAE73EFBFE2EB0D2FF /* SessionBootstrapper.swift in Sources */ = {isa = PBXBuildFile; fileRef = 6E47A32082E1BBBC28851915 /* SessionBootstrapper.swift */; };
		9556B8E8A59E161239E3988F /* RemindersWidgetViews.swift in Sources */ = {isa = PBXBuildFile; fileRef = A69BD86B26AFE8B5943729CD /* RemindersWidgetViews.swift */; };
		A957F5A3429D50204CAFBAB2 /* Info.plist in Resources */ = {isa = PBXBuildFile; fileRef = 607A3ED0E07D6E9308774294 /* Info.plist */; };
		AA8138C1ACDC96A7CC7A0ABC /* NotificationConstants.swift in Sources */ = {isa = PBXBuildFile; fileRef = 606B27B10869F5EC627043D9 /* NotificationConstants.swift */; };
		B02511E14449D27CAA689536 /* TaskFeed.swift in Sources */ = {isa = PBXBuildFile; fileRef = 86C87419D6853F3A661B2252 /* TaskFeed.swift */; };
		B9F16D4212C33EEB0E5E7A2B /* TimeSlotStore.swift in Sources */ = {isa = PBXBuildFile; fileRef = 432BE88E6B26A0457EC674D6 /* TimeSlotStore.swift */; };
		BA1AE60805F4D1809E194172 /* APIClient.swift in Sources */ = {isa = PBXBuildFile; fileRef = 456B0402D3211FEEE9D56F67 /* APIClient.swift */; };
		BE415267934330FE86282F6C /* OpenTaskCommands.swift in Sources */ = {isa = PBXBuildFile; fileRef = A0E46D554CC0579F108371F0 /* OpenTaskCommands.swift */; };
		CF495A060AC7DF9AEEF49093 /* OpenTaskWidgetBundle.swift in Sources */ = {isa = PBXBuildFile; fileRef = B45F5B5DF3FABB2CE2A080CC /* OpenTaskWidgetBundle.swift */; };
		D190CB7C79D9B2F2747875A9 /* ContentView.swift in Sources */ = {isa = PBXBuildFile; fileRef = CFE9ACA003A54F3EE5B248E5 /* ContentView.swift */; };
		D473788D4B4379B10D45B709 /* WidgetIntents.swift in Sources */ = {isa = PBXBuildFile; fileRef = 2B3D005A333CC598AAC3F3B8 /* WidgetIntents.swift */; };
		DFF4E35F79E5BF521DE26A33 /* DateHelpers.swift in Sources */ = {isa = PBXBuildFile; fileRef = C605F50E331B33C23631EE81 /* DateHelpers.swift */; };
		ED82B81A737BC79D08FFE378 /* OpenTaskModels.swift in Sources */ = {isa = PBXBuildFile; fileRef = 7F814F05408288A5A627F9CC /* OpenTaskModels.swift */; };
		EEE628E522E5DF619FD5B933 /* OpenTaskMacWidgets.appex in Embed Foundation Extensions */ = {isa = PBXBuildFile; fileRef = B2AEB213C1DDD3CB8C2F3DD7 /* OpenTaskMacWidgets.appex */; settings = {ATTRIBUTES = (RemoveHeadersOnCopy, ); }; };
		F2614268BC1F53F49D9AC8B7 /* TimeSlotStore.swift in Sources */ = {isa = PBXBuildFile; fileRef = 432BE88E6B26A0457EC674D6 /* TimeSlotStore.swift */; };
		FA63DF44534D4DD08E7F4116 /* WidgetStore.swift in Sources */ = {isa = PBXBuildFile; fileRef = A535170EA850BA882099BFB1 /* WidgetStore.swift */; };
/* End PBXBuildFile section */

/* Begin PBXContainerItemProxy section */
		20C4A05F2135E38B9893EFF8 /* PBXContainerItemProxy */ = {
			isa = PBXContainerItemProxy;
			containerPortal = 4BB5B6630700E5DBEC2211A8 /* Project object */;
			proxyType = 1;
			remoteGlobalIDString = 68497C39859B00F7D9018B79;
			remoteInfo = OpenTaskMacWidgets;
		};
/* End PBXContainerItemProxy section */

/* Begin PBXCopyFilesBuildPhase section */
		055037B31FB0BE62FF64CDD1 /* Embed Foundation Extensions */ = {
			isa = PBXCopyFilesBuildPhase;
			buildActionMask = 2147483647;
			dstPath = "";
			dstSubfolderSpec = 13;
			files = (
				EEE628E522E5DF619FD5B933 /* OpenTaskMacWidgets.appex in Embed Foundation Extensions */,
			);
			name = "Embed Foundation Extensions";
			runOnlyForDeploymentPostprocessing = 0;
		};
/* End PBXCopyFilesBuildPhase section */

/* Begin PBXFileReference section */
		01DC8E1DC37D4F4C3C71A038 /* WebViewManager.swift */ = {isa = PBXFileReference; lastKnownFileType = sourcecode.swift; path = WebViewManager.swift; sourceTree = "<group>"; };
		063D351611FEE1FDCC48702D /* SampleData.swift */ = {isa = PBXFileReference; lastKnownFileType = sourcecode.swift; path = SampleData.swift; sourceTree = "<group>"; };
		124940586D73E6C268F9E443 /* AppConfig.swift */ = {isa = PBXFileReference; lastKnownFileType = sourcecode.swift; path = AppConfig.swift; sourceTree = "<group>"; };
		16B02ED85AD6D71F5E9BEFF2 /* TasksWidget.swift */ = {isa = PBXFileReference; lastKnownFileType = sourcecode.swift; path = TasksWidget.swift; sourceTree = "<group>"; };
		25EEEE55FFA907613ED3849C /* OpenTaskWidgets.entitlements */ = {isa = PBXFileReference; lastKnownFileType = text.plist.entitlements; path = OpenTaskWidgets.entitlements; sourceTree = "<group>"; };
		2B3D005A333CC598AAC3F3B8 /* WidgetIntents.swift */ = {isa = PBXFileReference; lastKnownFileType = sourcecode.swift; path = WidgetIntents.swift; sourceTree = "<group>"; };
		2EA0557D2E026571049F1EF2 /* TrackWidgetViews.swift */ = {isa = PBXFileReference; lastKnownFileType = sourcecode.swift; path = TrackWidgetViews.swift; sourceTree = "<group>"; };
		38BA76FEFE40A03A2F3E709E /* MenuActions.swift */ = {isa = PBXFileReference; lastKnownFileType = sourcecode.swift; path = MenuActions.swift; sourceTree = "<group>"; };
		3EBEF5EED37D51458C482AC4 /* Assets.xcassets */ = {isa = PBXFileReference; lastKnownFileType = folder.assetcatalog; path = Assets.xcassets; sourceTree = "<group>"; };
		432BE88E6B26A0457EC674D6 /* TimeSlotStore.swift */ = {isa = PBXFileReference; lastKnownFileType = sourcecode.swift; path = TimeSlotStore.swift; sourceTree = "<group>"; };
		456B0402D3211FEEE9D56F67 /* APIClient.swift */ = {isa = PBXFileReference; lastKnownFileType = sourcecode.swift; path = APIClient.swift; sourceTree = "<group>"; };
		54BBA7157D64D84DE2038504 /* SetupView.swift */ = {isa = PBXFileReference; lastKnownFileType = sourcecode.swift; path = SetupView.swift; sourceTree = "<group>"; };
		5E39F4F4D318A4F799F9C29D /* TrackWidget.swift */ = {isa = PBXFileReference; lastKnownFileType = sourcecode.swift; path = TrackWidget.swift; sourceTree = "<group>"; };
		606B27B10869F5EC627043D9 /* NotificationConstants.swift */ = {isa = PBXFileReference; lastKnownFileType = sourcecode.swift; path = NotificationConstants.swift; sourceTree = "<group>"; };
		607A3ED0E07D6E9308774294 /* Info.plist */ = {isa = PBXFileReference; lastKnownFileType = text.plist; path = Info.plist; sourceTree = "<group>"; };
		6E47A32082E1BBBC28851915 /* SessionBootstrapper.swift */ = {isa = PBXFileReference; lastKnownFileType = sourcecode.swift; path = SessionBootstrapper.swift; sourceTree = "<group>"; };
		78F7579086893D2594E48169 /* OpenTaskMac.app */ = {isa = PBXFileReference; explicitFileType = wrapper.application; includeInIndex = 0; path = OpenTaskMac.app; sourceTree = BUILT_PRODUCTS_DIR; };
		79B196EB051C2A6103B3CB4E /* WidgetKit.framework */ = {isa = PBXFileReference; lastKnownFileType = wrapper.framework; name = WidgetKit.framework; path = System/Library/Frameworks/WidgetKit.framework; sourceTree = SDKROOT; };
		7A6A5B920B06CC0DCE444608 /* MacAppDelegate.swift */ = {isa = PBXFileReference; lastKnownFileType = sourcecode.swift; path = MacAppDelegate.swift; sourceTree = "<group>"; };
		7F814F05408288A5A627F9CC /* OpenTaskModels.swift */ = {isa = PBXFileReference; lastKnownFileType = sourcecode.swift; path = OpenTaskModels.swift; sourceTree = "<group>"; };
		8191D69C950AB5453FA795F7 /* WidgetTheme.swift */ = {isa = PBXFileReference; lastKnownFileType = sourcecode.swift; path = WidgetTheme.swift; sourceTree = "<group>"; };
		86C87419D6853F3A661B2252 /* TaskFeed.swift */ = {isa = PBXFileReference; lastKnownFileType = sourcecode.swift; path = TaskFeed.swift; sourceTree = "<group>"; };
		8AD02E9C8EEFCD5774761B19 /* OpenTaskMacApp.swift */ = {isa = PBXFileReference; lastKnownFileType = sourcecode.swift; path = OpenTaskMacApp.swift; sourceTree = "<group>"; };
		8F070FBA4B04FE941D838C58 /* RemindersWidget.swift */ = {isa = PBXFileReference; lastKnownFileType = sourcecode.swift; path = RemindersWidget.swift; sourceTree = "<group>"; };
		A0E46D554CC0579F108371F0 /* OpenTaskCommands.swift */ = {isa = PBXFileReference; lastKnownFileType = sourcecode.swift; path = OpenTaskCommands.swift; sourceTree = "<group>"; };
		A535170EA850BA882099BFB1 /* WidgetStore.swift */ = {isa = PBXFileReference; lastKnownFileType = sourcecode.swift; path = WidgetStore.swift; sourceTree = "<group>"; };
		A69BD86B26AFE8B5943729CD /* RemindersWidgetViews.swift */ = {isa = PBXFileReference; lastKnownFileType = sourcecode.swift; path = RemindersWidgetViews.swift; sourceTree = "<group>"; };
		B2AEB213C1DDD3CB8C2F3DD7 /* OpenTaskMacWidgets.appex */ = {isa = PBXFileReference; explicitFileType = "wrapper.app-extension"; includeInIndex = 0; path = OpenTaskMacWidgets.appex; sourceTree = BUILT_PRODUCTS_DIR; };
		B45F5B5DF3FABB2CE2A080CC /* OpenTaskWidgetBundle.swift */ = {isa = PBXFileReference; lastKnownFileType = sourcecode.swift; path = OpenTaskWidgetBundle.swift; sourceTree = "<group>"; };
		C605F50E331B33C23631EE81 /* DateHelpers.swift */ = {isa = PBXFileReference; lastKnownFileType = sourcecode.swift; path = DateHelpers.swift; sourceTree = "<group>"; };
		C92C74F59E9D3BDE167E4172 /* Info.plist */ = {isa = PBXFileReference; lastKnownFileType = text.plist; path = Info.plist; sourceTree = "<group>"; };
		CCEA4FB581FB3B2E6B2CBB65 /* SwiftUI.framework */ = {isa = PBXFileReference; lastKnownFileType = wrapper.framework; name = SwiftUI.framework; path = System/Library/Frameworks/SwiftUI.framework; sourceTree = SDKROOT; };
		CFE9ACA003A54F3EE5B248E5 /* ContentView.swift */ = {isa = PBXFileReference; lastKnownFileType = sourcecode.swift; path = ContentView.swift; sourceTree = "<group>"; };
		D48B4A75163FF407F49D160B /* KeychainHelper.swift */ = {isa = PBXFileReference; lastKnownFileType = sourcecode.swift; path = KeychainHelper.swift; sourceTree = "<group>"; };
		DA65E403BA6A23E8DEF11082 /* WebViewHost.swift */ = {isa = PBXFileReference; lastKnownFileType = sourcecode.swift; path = WebViewHost.swift; sourceTree = "<group>"; };
		F5E6B867A41342C3900ECE01 /* TasksWidgetViews.swift */ = {isa = PBXFileReference; lastKnownFileType = sourcecode.swift; path = TasksWidgetViews.swift; sourceTree = "<group>"; };
/* End PBXFileReference section */

/* Begin PBXFrameworksBuildPhase section */
		81EB3D197C67067B4983ED94 /* Frameworks */ = {
			isa = PBXFrameworksBuildPhase;
			buildActionMask = 2147483647;
			files = (
				3F5F24E827B5E77749258D0F /* WidgetKit.framework in Frameworks */,
				1E09B45CC465F173871345A1 /* SwiftUI.framework in Frameworks */,
			);
			runOnlyForDeploymentPostprocessing = 0;
		};
/* End PBXFrameworksBuildPhase section */

/* Begin PBXGroup section */
		19555242DC53C36C567AF6E3 /* Shared */ = {
			isa = PBXGroup;
			children = (
				456B0402D3211FEEE9D56F67 /* APIClient.swift */,
				C605F50E331B33C23631EE81 /* DateHelpers.swift */,
				D48B4A75163FF407F49D160B /* KeychainHelper.swift */,
				606B27B10869F5EC627043D9 /* NotificationConstants.swift */,
				7F814F05408288A5A627F9CC /* OpenTaskModels.swift */,
				432BE88E6B26A0457EC674D6 /* TimeSlotStore.swift */,
			);
			name = Shared;
			path = ../ios/Shared;
			sourceTree = "<group>";
		};
		217D6BBFB7D37AD82201C927 = {
			isa = PBXGroup;
			children = (
				E888B3FF3F46FA08A09913EC /* OpenTask */,
				F2C24CFD5C09DAC72A1A3ADD /* OpenTaskMac */,
				37183BBC2E18BB339DA98888 /* OpenTaskMacWidgets */,
				96821342944D576012D93C23 /* OpenTaskWidgets */,
				19555242DC53C36C567AF6E3 /* Shared */,
				E129E87E000BE3A1E8726A84 /* Frameworks */,
				D273C3C0ED4EC17C1340FAF4 /* Products */,
			);
			sourceTree = "<group>";
		};
		37183BBC2E18BB339DA98888 /* OpenTaskMacWidgets */ = {
			isa = PBXGroup;
			children = (
			);
			path = OpenTaskMacWidgets;
			sourceTree = "<group>";
		};
		96821342944D576012D93C23 /* OpenTaskWidgets */ = {
			isa = PBXGroup;
			children = (
				607A3ED0E07D6E9308774294 /* Info.plist */,
				B45F5B5DF3FABB2CE2A080CC /* OpenTaskWidgetBundle.swift */,
				25EEEE55FFA907613ED3849C /* OpenTaskWidgets.entitlements */,
				8F070FBA4B04FE941D838C58 /* RemindersWidget.swift */,
				A69BD86B26AFE8B5943729CD /* RemindersWidgetViews.swift */,
				063D351611FEE1FDCC48702D /* SampleData.swift */,
				86C87419D6853F3A661B2252 /* TaskFeed.swift */,
				16B02ED85AD6D71F5E9BEFF2 /* TasksWidget.swift */,
				F5E6B867A41342C3900ECE01 /* TasksWidgetViews.swift */,
				5E39F4F4D318A4F799F9C29D /* TrackWidget.swift */,
				2EA0557D2E026571049F1EF2 /* TrackWidgetViews.swift */,
				2B3D005A333CC598AAC3F3B8 /* WidgetIntents.swift */,
				A535170EA850BA882099BFB1 /* WidgetStore.swift */,
				8191D69C950AB5453FA795F7 /* WidgetTheme.swift */,
			);
			name = OpenTaskWidgets;
			path = ../ios/OpenTaskWidgets;
			sourceTree = "<group>";
		};
		D273C3C0ED4EC17C1340FAF4 /* Products */ = {
			isa = PBXGroup;
			children = (
				78F7579086893D2594E48169 /* OpenTaskMac.app */,
				B2AEB213C1DDD3CB8C2F3DD7 /* OpenTaskMacWidgets.appex */,
			);
			name = Products;
			sourceTree = "<group>";
		};
		E129E87E000BE3A1E8726A84 /* Frameworks */ = {
			isa = PBXGroup;
			children = (
				CCEA4FB581FB3B2E6B2CBB65 /* SwiftUI.framework */,
				79B196EB051C2A6103B3CB4E /* WidgetKit.framework */,
			);
			name = Frameworks;
			sourceTree = "<group>";
		};
		E888B3FF3F46FA08A09913EC /* OpenTask */ = {
			isa = PBXGroup;
			children = (
				6E47A32082E1BBBC28851915 /* SessionBootstrapper.swift */,
			);
			name = OpenTask;
			path = ../ios/OpenTask;
			sourceTree = "<group>";
		};
		F2C24CFD5C09DAC72A1A3ADD /* OpenTaskMac */ = {
			isa = PBXGroup;
			children = (
				124940586D73E6C268F9E443 /* AppConfig.swift */,
				3EBEF5EED37D51458C482AC4 /* Assets.xcassets */,
				CFE9ACA003A54F3EE5B248E5 /* ContentView.swift */,
				C92C74F59E9D3BDE167E4172 /* Info.plist */,
				7A6A5B920B06CC0DCE444608 /* MacAppDelegate.swift */,
				38BA76FEFE40A03A2F3E709E /* MenuActions.swift */,
				A0E46D554CC0579F108371F0 /* OpenTaskCommands.swift */,
				8AD02E9C8EEFCD5774761B19 /* OpenTaskMacApp.swift */,
				54BBA7157D64D84DE2038504 /* SetupView.swift */,
				DA65E403BA6A23E8DEF11082 /* WebViewHost.swift */,
				01DC8E1DC37D4F4C3C71A038 /* WebViewManager.swift */,
			);
			path = OpenTaskMac;
			sourceTree = "<group>";
		};
/* End PBXGroup section */

/* Begin PBXNativeTarget section */
		68497C39859B00F7D9018B79 /* OpenTaskMacWidgets */ = {
			isa = PBXNativeTarget;
			buildConfigurationList = A3B287BC0FF379A78DE7573D /* Build configuration list for PBXNativeTarget "OpenTaskMacWidgets" */;
			buildPhases = (
				CB2D7FC9B4274402718EECE4 /* Sources */,
				971E4AA7CB6FA5A58E2E9216 /* Resources */,
				81EB3D197C67067B4983ED94 /* Frameworks */,
			);
			buildRules = (
			);
			dependencies = (
			);
			name = OpenTaskMacWidgets;
			packageProductDependencies = (
			);
			productName = OpenTaskMacWidgets;
			productReference = B2AEB213C1DDD3CB8C2F3DD7 /* OpenTaskMacWidgets.appex */;
			productType = "com.apple.product-type.app-extension";
		};
		DF7283EFB956A2C33DF9EDB6 /* OpenTaskMac */ = {
			isa = PBXNativeTarget;
			buildConfigurationList = DA003F5CED97FFED8E473286 /* Build configuration list for PBXNativeTarget "OpenTaskMac" */;
			buildPhases = (
				6F96D3D3E9C8ECA00DEE06CC /* Sources */,
				AC9165F1DE137C4EFEF726D8 /* Resources */,
				055037B31FB0BE62FF64CDD1 /* Embed Foundation Extensions */,
			);
			buildRules = (
			);
			dependencies = (
				2478F3E2C0E44CE3CFD3CF6F /* PBXTargetDependency */,
			);
			name = OpenTaskMac;
			packageProductDependencies = (
			);
			productName = OpenTaskMac;
			productReference = 78F7579086893D2594E48169 /* OpenTaskMac.app */;
			productType = "com.apple.product-type.application";
		};
/* End PBXNativeTarget section */

/* Begin PBXProject section */
		4BB5B6630700E5DBEC2211A8 /* Project object */ = {
			isa = PBXProject;
			attributes = {
				BuildIndependentTargetsInParallel = YES;
				LastUpgradeCheck = 1430;
				TargetAttributes = {
					68497C39859B00F7D9018B79 = {
						DevelopmentTeam = GEL3VGTUJX;
						ProvisioningStyle = Automatic;
					};
					DF7283EFB956A2C33DF9EDB6 = {
						DevelopmentTeam = GEL3VGTUJX;
						ProvisioningStyle = Automatic;
					};
				};
			};
			buildConfigurationList = 3832B3345B5BA3EAA878E2D1 /* Build configuration list for PBXProject "OpenTaskMac" */;
			compatibilityVersion = "Xcode 14.0";
			developmentRegion = en;
			hasScannedForEncodings = 0;
			knownRegions = (
				Base,
				en,
			);
			mainGroup = 217D6BBFB7D37AD82201C927;
			minimizedProjectReferenceProxies = 1;
			preferredProjectObjectVersion = 77;
			projectDirPath = "";
			projectRoot = "";
			targets = (
				DF7283EFB956A2C33DF9EDB6 /* OpenTaskMac */,
				68497C39859B00F7D9018B79 /* OpenTaskMacWidgets */,
			);
		};
/* End PBXProject section */

/* Begin PBXResourcesBuildPhase section */
		971E4AA7CB6FA5A58E2E9216 /* Resources */ = {
			isa = PBXResourcesBuildPhase;
			buildActionMask = 2147483647;
			files = (
				A957F5A3429D50204CAFBAB2 /* Info.plist in Resources */,
			);
			runOnlyForDeploymentPostprocessing = 0;
		};
		AC9165F1DE137C4EFEF726D8 /* Resources */ = {
			isa = PBXResourcesBuildPhase;
			buildActionMask = 2147483647;
			files = (
				0397B213A2C11F51C7A2EBD2 /* Assets.xcassets in Resources */,
			);
			runOnlyForDeploymentPostprocessing = 0;
		};
/* End PBXResourcesBuildPhase section */

/* Begin PBXSourcesBuildPhase section */
		6F96D3D3E9C8ECA00DEE06CC /* Sources */ = {
			isa = PBXSourcesBuildPhase;
			buildActionMask = 2147483647;
			files = (
				BA1AE60805F4D1809E194172 /* APIClient.swift in Sources */,
				4D1CD89019963DFB2B9B3782 /* AppConfig.swift in Sources */,
				D190CB7C79D9B2F2747875A9 /* ContentView.swift in Sources */,
				DFF4E35F79E5BF521DE26A33 /* DateHelpers.swift in Sources */,
				2ACFFF7B3CB81D12BFC9AC0D /* KeychainHelper.swift in Sources */,
				1493600E01F55BF186B4680D /* MacAppDelegate.swift in Sources */,
				10DB7856F371B70147038E72 /* MenuActions.swift in Sources */,
				52209900BB7B38B4D5C46CBE /* NotificationConstants.swift in Sources */,
				BE415267934330FE86282F6C /* OpenTaskCommands.swift in Sources */,
				4AAFC03D30E04FA841BE999D /* OpenTaskMacApp.swift in Sources */,
				6D835FFC83B34D8653FACAF4 /* OpenTaskModels.swift in Sources */,
				86647EEAE73EFBFE2EB0D2FF /* SessionBootstrapper.swift in Sources */,
				16E01EEDD0FF0DD9247D3962 /* SetupView.swift in Sources */,
				F2614268BC1F53F49D9AC8B7 /* TimeSlotStore.swift in Sources */,
				0B34DE6E2D6CCD5064ABEE66 /* WebViewHost.swift in Sources */,
				0F675979F0E897179550119D /* WebViewManager.swift in Sources */,
			);
			runOnlyForDeploymentPostprocessing = 0;
		};
		CB2D7FC9B4274402718EECE4 /* Sources */ = {
			isa = PBXSourcesBuildPhase;
			buildActionMask = 2147483647;
			files = (
				21209A9C1D48956AA56CCA9B /* APIClient.swift in Sources */,
				2A8EA7DBADE9DF2C965DAD63 /* DateHelpers.swift in Sources */,
				4B5D27BAD6E46632BF5F65FF /* KeychainHelper.swift in Sources */,
				AA8138C1ACDC96A7CC7A0ABC /* NotificationConstants.swift in Sources */,
				ED82B81A737BC79D08FFE378 /* OpenTaskModels.swift in Sources */,
				CF495A060AC7DF9AEEF49093 /* OpenTaskWidgetBundle.swift in Sources */,
				34B70C4530803D25110BE465 /* RemindersWidget.swift in Sources */,
				9556B8E8A59E161239E3988F /* RemindersWidgetViews.swift in Sources */,
				5B23A255E708A92C2D1DC783 /* SampleData.swift in Sources */,
				B02511E14449D27CAA689536 /* TaskFeed.swift in Sources */,
				33CF5D1C7C74D001B90D2E1B /* TasksWidget.swift in Sources */,
				1A1131E268CC52CAA6F32234 /* TasksWidgetViews.swift in Sources */,
				B9F16D4212C33EEB0E5E7A2B /* TimeSlotStore.swift in Sources */,
				8465F733F4E375E70C51CEA8 /* TrackWidget.swift in Sources */,
				44C5A3993A906B44D2AD2CE7 /* TrackWidgetViews.swift in Sources */,
				D473788D4B4379B10D45B709 /* WidgetIntents.swift in Sources */,
				FA63DF44534D4DD08E7F4116 /* WidgetStore.swift in Sources */,
				555E58F6C1F1328E6D692AED /* WidgetTheme.swift in Sources */,
			);
			runOnlyForDeploymentPostprocessing = 0;
		};
/* End PBXSourcesBuildPhase section */

/* Begin PBXTargetDependency section */
		2478F3E2C0E44CE3CFD3CF6F /* PBXTargetDependency */ = {
			isa = PBXTargetDependency;
			target = 68497C39859B00F7D9018B79 /* OpenTaskMacWidgets */;
			targetProxy = 20C4A05F2135E38B9893EFF8 /* PBXContainerItemProxy */;
		};
/* End PBXTargetDependency section */

/* Begin XCBuildConfiguration section */
		097D76B01863D2EB7CA9F983 /* Release */ = {
			isa = XCBuildConfiguration;
			buildSettings = {
				CODE_SIGN_ENTITLEMENTS = OpenTaskMacWidgets/OpenTaskMacWidgets.entitlements;
				COMBINE_HIDPI_IMAGES = YES;
				GENERATE_INFOPLIST_FILE = NO;
				INFOPLIST_FILE = OpenTaskMacWidgets/Info.plist;
				LD_RUNPATH_SEARCH_PATHS = (
					"$(inherited)",
					"@executable_path/../Frameworks",
					"@executable_path/../../../../Frameworks",
				);
				PRODUCT_BUNDLE_IDENTIFIER = io.mcnitt.opentask.mac.widgets;
				SDKROOT = macosx;
				SWIFT_VERSION = 5.9;
			};
			name = Release;
		};
		697DB7C1A022B76CF105A4C9 /* Debug */ = {
			isa = XCBuildConfiguration;
			buildSettings = {
				CODE_SIGN_ENTITLEMENTS = OpenTaskMacWidgets/OpenTaskMacWidgets.entitlements;
				COMBINE_HIDPI_IMAGES = YES;
				GENERATE_INFOPLIST_FILE = NO;
				INFOPLIST_FILE = OpenTaskMacWidgets/Info.plist;
				LD_RUNPATH_SEARCH_PATHS = (
					"$(inherited)",
					"@executable_path/../Frameworks",
					"@executable_path/../../../../Frameworks",
				);
				PRODUCT_BUNDLE_IDENTIFIER = io.mcnitt.opentask.mac.widgets;
				SDKROOT = macosx;
				SWIFT_VERSION = 5.9;
			};
			name = Debug;
		};
		724CF2CA3AF6E1B484FCD2B1 /* Debug */ = {
			isa = XCBuildConfiguration;
			buildSettings = {
				ASSETCATALOG_COMPILER_APPICON_NAME = AppIcon;
				CODE_SIGN_ENTITLEMENTS = OpenTaskMac/OpenTaskMac.entitlements;
				COMBINE_HIDPI_IMAGES = YES;
				INFOPLIST_FILE = OpenTaskMac/Info.plist;
				INFOPLIST_KEY_NSHumanReadableCopyright = "";
				LD_RUNPATH_SEARCH_PATHS = (
					"$(inherited)",
					"@executable_path/../Frameworks",
				);
				PRODUCT_BUNDLE_IDENTIFIER = io.mcnitt.opentask.mac;
				PRODUCT_MODULE_NAME = OpenTaskMac;
				PRODUCT_NAME = OpenTask;
				SDKROOT = macosx;
			};
			name = Debug;
		};
		9CEA6BDAE6D830AB129921F1 /* Debug */ = {
			isa = XCBuildConfiguration;
			buildSettings = {
				ALWAYS_SEARCH_USER_PATHS = NO;
				CLANG_ANALYZER_NONNULL = YES;
				CLANG_ANALYZER_NUMBER_OBJECT_CONVERSION = YES_AGGRESSIVE;
				CLANG_CXX_LANGUAGE_STANDARD = "gnu++14";
				CLANG_CXX_LIBRARY = "libc++";
				CLANG_ENABLE_MODULES = YES;
				CLANG_ENABLE_OBJC_ARC = YES;
				CLANG_ENABLE_OBJC_WEAK = YES;
				CLANG_WARN_BLOCK_CAPTURE_AUTORELEASING = YES;
				CLANG_WARN_BOOL_CONVERSION = YES;
				CLANG_WARN_COMMA = YES;
				CLANG_WARN_CONSTANT_CONVERSION = YES;
				CLANG_WARN_DEPRECATED_OBJC_IMPLEMENTATIONS = YES;
				CLANG_WARN_DIRECT_OBJC_ISA_USAGE = YES_ERROR;
				CLANG_WARN_DOCUMENTATION_COMMENTS = YES;
				CLANG_WARN_EMPTY_BODY = YES;
				CLANG_WARN_ENUM_CONVERSION = YES;
				CLANG_WARN_INFINITE_RECURSION = YES;
				CLANG_WARN_INT_CONVERSION = YES;
				CLANG_WARN_NON_LITERAL_NULL_CONVERSION = YES;
				CLANG_WARN_OBJC_IMPLICIT_RETAIN_SELF = YES;
				CLANG_WARN_OBJC_LITERAL_CONVERSION = YES;
				CLANG_WARN_OBJC_ROOT_CLASS = YES_ERROR;
				CLANG_WARN_QUOTED_INCLUDE_IN_FRAMEWORK_HEADER = YES;
				CLANG_WARN_RANGE_LOOP_ANALYSIS = YES;
				CLANG_WARN_STRICT_PROTOTYPES = YES;
				CLANG_WARN_SUSPICIOUS_MOVE = YES;
				CLANG_WARN_UNGUARDED_AVAILABILITY = YES_AGGRESSIVE;
				CLANG_WARN_UNREACHABLE_CODE = YES;
				CLANG_WARN__DUPLICATE_METHOD_MATCH = YES;
				CODE_SIGN_STYLE = Automatic;
				COPY_PHASE_STRIP = NO;
				CURRENT_PROJECT_VERSION = 1;
				DEBUG_INFORMATION_FORMAT = dwarf;
				DEVELOPMENT_TEAM = GEL3VGTUJX;
				ENABLE_STRICT_OBJC_MSGSEND = YES;
				ENABLE_TESTABILITY = YES;
				GCC_C_LANGUAGE_STANDARD = gnu11;
				GCC_DYNAMIC_NO_PIC = NO;
				GCC_NO_COMMON_BLOCKS = YES;
				GCC_OPTIMIZATION_LEVEL = 0;
				GCC_PREPROCESSOR_DEFINITIONS = (
					"$(inherited)",
					"DEBUG=1",
				);
				GCC_WARN_64_TO_32_BIT_CONVERSION = YES;
				GCC_WARN_ABOUT_RETURN_TYPE = YES_ERROR;
				GCC_WARN_UNDECLARED_SELECTOR = YES;
				GCC_WARN_UNINITIALIZED_AUTOS = YES_AGGRESSIVE;
				GCC_WARN_UNUSED_FUNCTION = YES;
				GCC_WARN_UNUSED_VARIABLE = YES;
				MACOSX_DEPLOYMENT_TARGET = 14.0;
				MARKETING_VERSION = 1.0.0;
				MTL_ENABLE_DEBUG_INFO = INCLUDE_SOURCE;
				MTL_FAST_MATH = YES;
				ONLY_ACTIVE_ARCH = YES;
				PRODUCT_NAME = "$(TARGET_NAME)";
				SDKROOT = macosx;
				SWIFT_ACTIVE_COMPILATION_CONDITIONS = DEBUG;
				SWIFT_OPTIMIZATION_LEVEL = "-Onone";
				SWIFT_VERSION = 5.9;
			};
			name = Debug;
		};
		CDA23B9FBD8CEAD830D3416B /* Release */ = {
			isa = XCBuildConfiguration;
			buildSettings = {
				ALWAYS_SEARCH_USER_PATHS = NO;
				CLANG_ANALYZER_NONNULL = YES;
				CLANG_ANALYZER_NUMBER_OBJECT_CONVERSION = YES_AGGRESSIVE;
				CLANG_CXX_LANGUAGE_STANDARD = "gnu++14";
				CLANG_CXX_LIBRARY = "libc++";
				CLANG_ENABLE_MODULES = YES;
				CLANG_ENABLE_OBJC_ARC = YES;
				CLANG_ENABLE_OBJC_WEAK = YES;
				CLANG_WARN_BLOCK_CAPTURE_AUTORELEASING = YES;
				CLANG_WARN_BOOL_CONVERSION = YES;
				CLANG_WARN_COMMA = YES;
				CLANG_WARN_CONSTANT_CONVERSION = YES;
				CLANG_WARN_DEPRECATED_OBJC_IMPLEMENTATIONS = YES;
				CLANG_WARN_DIRECT_OBJC_ISA_USAGE = YES_ERROR;
				CLANG_WARN_DOCUMENTATION_COMMENTS = YES;
				CLANG_WARN_EMPTY_BODY = YES;
				CLANG_WARN_ENUM_CONVERSION = YES;
				CLANG_WARN_INFINITE_RECURSION = YES;
				CLANG_WARN_INT_CONVERSION = YES;
				CLANG_WARN_NON_LITERAL_NULL_CONVERSION = YES;
				CLANG_WARN_OBJC_IMPLICIT_RETAIN_SELF = YES;
				CLANG_WARN_OBJC_LITERAL_CONVERSION = YES;
				CLANG_WARN_OBJC_ROOT_CLASS = YES_ERROR;
				CLANG_WARN_QUOTED_INCLUDE_IN_FRAMEWORK_HEADER = YES;
				CLANG_WARN_RANGE_LOOP_ANALYSIS = YES;
				CLANG_WARN_STRICT_PROTOTYPES = YES;
				CLANG_WARN_SUSPICIOUS_MOVE = YES;
				CLANG_WARN_UNGUARDED_AVAILABILITY = YES_AGGRESSIVE;
				CLANG_WARN_UNREACHABLE_CODE = YES;
				CLANG_WARN__DUPLICATE_METHOD_MATCH = YES;
				CODE_SIGN_STYLE = Automatic;
				COPY_PHASE_STRIP = NO;
				CURRENT_PROJECT_VERSION = 1;
				DEBUG_INFORMATION_FORMAT = "dwarf-with-dsym";
				DEVELOPMENT_TEAM = GEL3VGTUJX;
				ENABLE_NS_ASSERTIONS = NO;
				ENABLE_STRICT_OBJC_MSGSEND = YES;
				GCC_C_LANGUAGE_STANDARD = gnu11;
				GCC_NO_COMMON_BLOCKS = YES;
				GCC_WARN_64_TO_32_BIT_CONVERSION = YES;
				GCC_WARN_ABOUT_RETURN_TYPE = YES_ERROR;
				GCC_WARN_UNDECLARED_SELECTOR = YES;
				GCC_WARN_UNINITIALIZED_AUTOS = YES_AGGRESSIVE;
				GCC_WARN_UNUSED_FUNCTION = YES;
				GCC_WARN_UNUSED_VARIABLE = YES;
				MACOSX_DEPLOYMENT_TARGET = 14.0;
				MARKETING_VERSION = 1.0.0;
				MTL_ENABLE_DEBUG_INFO = NO;
				MTL_FAST_MATH = YES;
				PRODUCT_NAME = "$(TARGET_NAME)";
				SDKROOT = macosx;
				SWIFT_COMPILATION_MODE = wholemodule;
				SWIFT_OPTIMIZATION_LEVEL = "-O";
				SWIFT_VERSION = 5.9;
			};
			name = Release;
		};
		CE8FD684C760D9460B27F423 /* Release */ = {
			isa = XCBuildConfiguration;
			buildSettings = {
				ASSETCATALOG_COMPILER_APPICON_NAME = AppIcon;
				CODE_SIGN_ENTITLEMENTS = OpenTaskMac/OpenTaskMac.entitlements;
				COMBINE_HIDPI_IMAGES = YES;
				INFOPLIST_FILE = OpenTaskMac/Info.plist;
				INFOPLIST_KEY_NSHumanReadableCopyright = "";
				LD_RUNPATH_SEARCH_PATHS = (
					"$(inherited)",
					"@executable_path/../Frameworks",
				);
				PRODUCT_BUNDLE_IDENTIFIER = io.mcnitt.opentask.mac;
				PRODUCT_MODULE_NAME = OpenTaskMac;
				PRODUCT_NAME = OpenTask;
				SDKROOT = macosx;
			};
			name = Release;
		};
/* End XCBuildConfiguration section */

/* Begin XCConfigurationList section */
		3832B3345B5BA3EAA878E2D1 /* Build configuration list for PBXProject "OpenTaskMac" */ = {
			isa = XCConfigurationList;
			buildConfigurations = (
				9CEA6BDAE6D830AB129921F1 /* Debug */,
				CDA23B9FBD8CEAD830D3416B /* Release */,
			);
			defaultConfigurationIsVisible = 0;
			defaultConfigurationName = Debug;
		};
		A3B287BC0FF379A78DE7573D /* Build configuration list for PBXNativeTarget "OpenTaskMacWidgets" */ = {
			isa = XCConfigurationList;
			buildConfigurations = (
				697DB7C1A022B76CF105A4C9 /* Debug */,
				097D76B01863D2EB7CA9F983 /* Release */,
			);
			defaultConfigurationIsVisible = 0;
			defaultConfigurationName = Debug;
		};
		DA003F5CED97FFED8E473286 /* Build configuration list for PBXNativeTarget "OpenTaskMac" */ = {
			isa = XCConfigurationList;
			buildConfigurations = (
				724CF2CA3AF6E1B484FCD2B1 /* Debug */,
				CE8FD684C760D9460B27F423 /* Release */,
			);
			defaultConfigurationIsVisible = 0;
			defaultConfigurationName = Debug;
		};
/* End XCConfigurationList section */
	};
	rootObject = 4BB5B6630700E5DBEC2211A8 /* Project object */;
}
