// !$*UTF8*$!
{
	archiveVersion = 1;
	classes = {
	};
	objectVersion = 77;
	objects = {

/* Begin PBXBuildFile section */
		0B34DE6E2D6CCD5064ABEE66 /* WebViewHost.swift in Sources */ = {isa = PBXBuildFile; fileRef = DA65E403BA6A23E8DEF11082 /* WebViewHost.swift */; };
		0F675979F0E897179550119D /* WebViewManager.swift in Sources */ = {isa = PBXBuildFile; fileRef = 01DC8E1DC37D4F4C3C71A038 /* WebViewManager.swift */; };
		10DB7856F371B70147038E72 /* MenuActions.swift in Sources */ = {isa = PBXBuildFile; fileRef = 38BA76FEFE40A03A2F3E709E /* MenuActions.swift */; };
		1493600E01F55BF186B4680D /* MacAppDelegate.swift in Sources */ = {isa = PBXBuildFile; fileRef = 7A6A5B920B06CC0DCE444608 /* MacAppDelegate.swift */; };
		16E01EEDD0FF0DD9247D3962 /* SetupView.swift in Sources */ = {isa = PBXBuildFile; fileRef = 54BBA7157D64D84DE2038504 /* SetupView.swift */; };
		2ACFFF7B3CB81D12BFC9AC0D /* KeychainHelper.swift in Sources */ = {isa = PBXBuildFile; fileRef = D48B4A75163FF407F49D160B /* KeychainHelper.swift */; };
		4AAFC03D30E04FA841BE999D /* OpenTaskMacApp.swift in Sources */ = {isa = PBXBuildFile; fileRef = 8AD02E9C8EEFCD5774761B19 /* OpenTaskMacApp.swift */; };
		4D1CD89019963DFB2B9B3782 /* AppConfig.swift in Sources */ = {isa = PBXBuildFile; fileRef = 124940586D73E6C268F9E443 /* AppConfig.swift */; };
		52209900BB7B38B4D5C46CBE /* NotificationConstants.swift in Sources */ = {isa = PBXBuildFile; fileRef = 606B27B10869F5EC627043D9 /* NotificationConstants.swift */; };
		6D835FFC83B34D8653FACAF4 /* OpenTaskModels.swift in Sources */ = {isa = PBXBuildFile; fileRef = 7F814F05408288A5A627F9CC /* OpenTaskModels.swift */; };
		86647EEAE73EFBFE2EB0D2FF /* SessionBootstrapper.swift in Sources */ = {isa = PBXBuildFile; fileRef = 6E47A32082E1BBBC28851915 /* SessionBootstrapper.swift */; };
		BA1AE60805F4D1809E194172 /* APIClient.swift in Sources */ = {isa = PBXBuildFile; fileRef = 456B0402D3211FEEE9D56F67 /* APIClient.swift */; };
		BE415267934330FE86282F6C /* OpenTaskCommands.swift in Sources */ = {isa = PBXBuildFile; fileRef = A0E46D554CC0579F108371F0 /* OpenTaskCommands.swift */; };
		D190CB7C79D9B2F2747875A9 /* ContentView.swift in Sources */ = {isa = PBXBuildFile; fileRef = CFE9ACA003A54F3EE5B248E5 /* ContentView.swift */; };
		DFF4E35F79E5BF521DE26A33 /* DateHelpers.swift in Sources */ = {isa = PBXBuildFile; fileRef = C605F50E331B33C23631EE81 /* DateHelpers.swift */; };
/* End PBXBuildFile section */

/* Begin PBXFileReference section */
		01DC8E1DC37D4F4C3C71A038 /* WebViewManager.swift */ = {isa = PBXFileReference; lastKnownFileType = sourcecode.swift; path = WebViewManager.swift; sourceTree = "<group>"; };
		124940586D73E6C268F9E443 /* AppConfig.swift */ = {isa = PBXFileReference; lastKnownFileType = sourcecode.swift; path = AppConfig.swift; sourceTree = "<group>"; };
		38BA76FEFE40A03A2F3E709E /* MenuActions.swift */ = {isa = PBXFileReference; lastKnownFileType = sourcecode.swift; path = MenuActions.swift; sourceTree = "<group>"; };
		456B0402D3211FEEE9D56F67 /* APIClient.swift */ = {isa = PBXFileReference; lastKnownFileType = sourcecode.swift; path = APIClient.swift; sourceTree = "<group>"; };
		54BBA7157D64D84DE2038504 /* SetupView.swift */ = {isa = PBXFileReference; lastKnownFileType = sourcecode.swift; path = SetupView.swift; sourceTree = "<group>"; };
		606B27B10869F5EC627043D9 /* NotificationConstants.swift */ = {isa = PBXFileReference; lastKnownFileType = sourcecode.swift; path = NotificationConstants.swift; sourceTree = "<group>"; };
		6E47A32082E1BBBC28851915 /* SessionBootstrapper.swift */ = {isa = PBXFileReference; lastKnownFileType = sourcecode.swift; path = SessionBootstrapper.swift; sourceTree = "<group>"; };
		78F7579086893D2594E48169 /* OpenTaskMac.app */ = {isa = PBXFileReference; explicitFileType = wrapper.application; includeInIndex = 0; path = OpenTaskMac.app; sourceTree = BUILT_PRODUCTS_DIR; };
		7A6A5B920B06CC0DCE444608 /* MacAppDelegate.swift */ = {isa = PBXFileReference; lastKnownFileType = sourcecode.swift; path = MacAppDelegate.swift; sourceTree = "<group>"; };
		7F814F05408288A5A627F9CC /* OpenTaskModels.swift */ = {isa = PBXFileReference; lastKnownFileType = sourcecode.swift; path = OpenTaskModels.swift; sourceTree = "<group>"; };
		8AD02E9C8EEFCD5774761B19 /* OpenTaskMacApp.swift */ = {isa = PBXFileReference; lastKnownFileType = sourcecode.swift; path = OpenTaskMacApp.swift; sourceTree = "<group>"; };
		A0E46D554CC0579F108371F0 /* OpenTaskCommands.swift */ = {isa = PBXFileReference; lastKnownFileType = sourcecode.swift; path = OpenTaskCommands.swift; sourceTree = "<group>"; };
		C605F50E331B33C23631EE81 /* DateHelpers.swift */ = {isa = PBXFileReference; lastKnownFileType = sourcecode.swift; path = DateHelpers.swift; sourceTree = "<group>"; };
		C92C74F59E9D3BDE167E4172 /* Info.plist */ = {isa = PBXFileReference; lastKnownFileType = text.plist; path = Info.plist; sourceTree = "<group>"; };
		CFE9ACA003A54F3EE5B248E5 /* ContentView.swift */ = {isa = PBXFileReference; lastKnownFileType = sourcecode.swift; path = ContentView.swift; sourceTree = "<group>"; };
		D48B4A75163FF407F49D160B /* KeychainHelper.swift */ = {isa = PBXFileReference; lastKnownFileType = sourcecode.swift; path = KeychainHelper.swift; sourceTree = "<group>"; };
		DA65E403BA6A23E8DEF11082 /* WebViewHost.swift */ = {isa = PBXFileReference; lastKnownFileType = sourcecode.swift; path = WebViewHost.swift; sourceTree = "<group>"; };
/* End PBXFileReference section */

/* Begin PBXGroup section */
		19555242DC53C36C567AF6E3 /* Shared */ = {
			isa = PBXGroup;
			children = (
				456B0402D3211FEEE9D56F67 /* APIClient.swift */,
				C605F50E331B33C23631EE81 /* DateHelpers.swift */,
				D48B4A75163FF407F49D160B /* KeychainHelper.swift */,
				606B27B10869F5EC627043D9 /* NotificationConstants.swift */,
				7F814F05408288A5A627F9CC /* OpenTaskModels.swift */,
			);
			name = Shared;
			path = ../ios/Shared;
			sourceTree = "<group>";
		};
		217D6BBFB7D37AD82201C927 = {
			isa = PBXGroup;
			children = (
				E888B3FF3F46FA08A09913EC /* OpenTask */,
				F2C24CFD5C09DAC72A1A3ADD /* OpenTaskMac */,
				19555242DC53C36C567AF6E3 /* Shared */,
				D273C3C0ED4EC17C1340FAF4 /* Products */,
			);
			sourceTree = "<group>";
		};
		D273C3C0ED4EC17C1340FAF4 /* Products */ = {
			isa = PBXGroup;
			children = (
				78F7579086893D2594E48169 /* OpenTaskMac.app */,
			);
			name = Products;
			sourceTree = "<group>";
		};
		E888B3FF3F46FA08A09913EC /* OpenTask */ = {
			isa = PBXGroup;
			children = (
				6E47A32082E1BBBC28851915 /* SessionBootstrapper.swift */,
			);
			name = OpenTask;
			path = ../ios/OpenTask;
			sourceTree = "<group>";
		};
		F2C24CFD5C09DAC72A1A3ADD /* OpenTaskMac */ = {
			isa = PBXGroup;
			children = (
				124940586D73E6C268F9E443 /* AppConfig.swift */,
				CFE9ACA003A54F3EE5B248E5 /* ContentView.swift */,
				C92C74F59E9D3BDE167E4172 /* Info.plist */,
				7A6A5B920B06CC0DCE444608 /* MacAppDelegate.swift */,
				38BA76FEFE40A03A2F3E709E /* MenuActions.swift */,
				A0E46D554CC0579F108371F0 /* OpenTaskCommands.swift */,
				8AD02E9C8EEFCD5774761B19 /* OpenTaskMacApp.swift */,
				54BBA7157D64D84DE2038504 /* SetupView.swift */,
				DA65E403BA6A23E8DEF11082 /* WebViewHost.swift */,
				01DC8E1DC37D4F4C3C71A038 /* WebViewManager.swift */,
			);
			path = OpenTaskMac;
			sourceTree = "<group>";
		};
/* End PBXGroup section */

/* Begin PBXNativeTarget section */
		DF7283EFB956A2C33DF9EDB6 /* OpenTaskMac */ = {
			isa = PBXNativeTarget;
			buildConfigurationList = DA003F5CED97FFED8E473286 /* Build configuration list for PBXNativeTarget "OpenTaskMac" */;
			buildPhases = (
				6F96D3D3E9C8ECA00DEE06CC /* Sources */,
			);
			buildRules = (
			);
			dependencies = (
			);
			name = OpenTaskMac;
			packageProductDependencies = (
			);
			productName = OpenTaskMac;
			productReference = 78F7579086893D2594E48169 /* OpenTaskMac.app */;
			productType = "com.apple.product-type.application";
		};
/* End PBXNativeTarget section */

/* Begin PBXProject section */
		4BB5B6630700E5DBEC2211A8 /* Project object */ = {
			isa = PBXProject;
			attributes = {
				BuildIndependentTargetsInParallel = YES;
				LastUpgradeCheck = 1430;
				TargetAttributes = {
					DF7283EFB956A2C33DF9EDB6 = {
						DevelopmentTeam = GEL3VGTUJX;
						ProvisioningStyle = Automatic;
					};
				};
			};
			buildConfigurationList = 3832B3345B5BA3EAA878E2D1 /* Build configuration list for PBXProject "OpenTaskMac" */;
			compatibilityVersion = "Xcode 14.0";
			developmentRegion = en;
			hasScannedForEncodings = 0;
			knownRegions = (
				Base,
				en,
			);
			mainGroup = 217D6BBFB7D37AD82201C927;
			minimizedProjectReferenceProxies = 1;
			preferredProjectObjectVersion = 77;
			projectDirPath = "";
			projectRoot = "";
			targets = (
				DF7283EFB956A2C33DF9EDB6 /* OpenTaskMac */,
			);
		};
/* End PBXProject section */

/* Begin PBXSourcesBuildPhase section */
		6F96D3D3E9C8ECA00DEE06CC /* Sources */ = {
			isa = PBXSourcesBuildPhase;
			buildActionMask = 2147483647;
			files = (
				BA1AE60805F4D1809E194172 /* APIClient.swift in Sources */,
				4D1CD89019963DFB2B9B3782 /* AppConfig.swift in Sources */,
				D190CB7C79D9B2F2747875A9 /* ContentView.swift in Sources */,
				DFF4E35F79E5BF521DE26A33 /* DateHelpers.swift in Sources */,
				2ACFFF7B3CB81D12BFC9AC0D /* KeychainHelper.swift in Sources */,
				1493600E01F55BF186B4680D /* MacAppDelegate.swift in Sources */,
				10DB7856F371B70147038E72 /* MenuActions.swift in Sources */,
				52209900BB7B38B4D5C46CBE /* NotificationConstants.swift in Sources */,
				BE415267934330FE86282F6C /* OpenTaskCommands.swift in Sources */,
				4AAFC03D30E04FA841BE999D /* OpenTaskMacApp.swift in Sources */,
				6D835FFC83B34D8653FACAF4 /* OpenTaskModels.swift in Sources */,
				86647EEAE73EFBFE2EB0D2FF /* SessionBootstrapper.swift in Sources */,
				16E01EEDD0FF0DD9247D3962 /* SetupView.swift in Sources */,
				0B34DE6E2D6CCD5064ABEE66 /* WebViewHost.swift in Sources */,
				0F675979F0E897179550119D /* WebViewManager.swift in Sources */,
			);
			runOnlyForDeploymentPostprocessing = 0;
		};
/* End PBXSourcesBuildPhase section */

/* Begin XCBuildConfiguration section */
		724CF2CA3AF6E1B484FCD2B1 /* Debug */ = {
			isa = XCBuildConfiguration;
			buildSettings = {
				ASSETCATALOG_COMPILER_APPICON_NAME = AppIcon;
				CODE_SIGN_ENTITLEMENTS = OpenTaskMac/OpenTaskMac.entitlements;
				COMBINE_HIDPI_IMAGES = YES;
				INFOPLIST_FILE = OpenTaskMac/Info.plist;
				INFOPLIST_KEY_NSHumanReadableCopyright = "";
				LD_RUNPATH_SEARCH_PATHS = (
					"$(inherited)",
					"@executable_path/../Frameworks",
				);
				PRODUCT_BUNDLE_IDENTIFIER = io.mcnitt.opentask.mac;
				SDKROOT = macosx;
			};
			name = Debug;
		};
		9CEA6BDAE6D830AB129921F1 /* Debug */ = {
			isa = XCBuildConfiguration;
			buildSettings = {
				ALWAYS_SEARCH_USER_PATHS = NO;
				CLANG_ANALYZER_NONNULL = YES;
				CLANG_ANALYZER_NUMBER_OBJECT_CONVERSION = YES_AGGRESSIVE;
				CLANG_CXX_LANGUAGE_STANDARD = "gnu++14";
				CLANG_CXX_LIBRARY = "libc++";
				CLANG_ENABLE_MODULES = YES;
				CLANG_ENABLE_OBJC_ARC = YES;
				CLANG_ENABLE_OBJC_WEAK = YES;
				CLANG_WARN_BLOCK_CAPTURE_AUTORELEASING = YES;
				CLANG_WARN_BOOL_CONVERSION = YES;
				CLANG_WARN_COMMA = YES;
				CLANG_WARN_CONSTANT_CONVERSION = YES;
				CLANG_WARN_DEPRECATED_OBJC_IMPLEMENTATIONS = YES;
				CLANG_WARN_DIRECT_OBJC_ISA_USAGE = YES_ERROR;
				CLANG_WARN_DOCUMENTATION_COMMENTS = YES;
				CLANG_WARN_EMPTY_BODY = YES;
				CLANG_WARN_ENUM_CONVERSION = YES;
				CLANG_WARN_INFINITE_RECURSION = YES;
				CLANG_WARN_INT_CONVERSION = YES;
				CLANG_WARN_NON_LITERAL_NULL_CONVERSION = YES;
				CLANG_WARN_OBJC_IMPLICIT_RETAIN_SELF = YES;
				CLANG_WARN_OBJC_LITERAL_CONVERSION = YES;
				CLANG_WARN_OBJC_ROOT_CLASS = YES_ERROR;
				CLANG_WARN_QUOTED_INCLUDE_IN_FRAMEWORK_HEADER = YES;
				CLANG_WARN_RANGE_LOOP_ANALYSIS = YES;
				CLANG_WARN_STRICT_PROTOTYPES = YES;
				CLANG_WARN_SUSPICIOUS_MOVE = YES;
				CLANG_WARN_UNGUARDED_AVAILABILITY = YES_AGGRESSIVE;
				CLANG_WARN_UNREACHABLE_CODE = YES;
				CLANG_WARN__DUPLICATE_METHOD_MATCH = YES;
				CODE_SIGN_STYLE = Automatic;
				COPY_PHASE_STRIP = NO;
				CURRENT_PROJECT_VERSION = 1;
				DEBUG_INFORMATION_FORMAT = dwarf;
				DEVELOPMENT_TEAM = GEL3VGTUJX;
				ENABLE_STRICT_OBJC_MSGSEND = YES;
				ENABLE_TESTABILITY = YES;
				GCC_C_LANGUAGE_STANDARD = gnu11;
				GCC_DYNAMIC_NO_PIC = NO;
				GCC_NO_COMMON_BLOCKS = YES;
				GCC_OPTIMIZATION_LEVEL = 0;
				GCC_PREPROCESSOR_DEFINITIONS = (
					"$(inherited)",
					"DEBUG=1",
				);
				GCC_WARN_64_TO_32_BIT_CONVERSION = YES;
				GCC_WARN_ABOUT_RETURN_TYPE = YES_ERROR;
				GCC_WARN_UNDECLARED_SELECTOR = YES;
				GCC_WARN_UNINITIALIZED_AUTOS = YES_AGGRESSIVE;
				GCC_WARN_UNUSED_FUNCTION = YES;
				GCC_WARN_UNUSED_VARIABLE = YES;
				MACOSX_DEPLOYMENT_TARGET = 14.0;
				MARKETING_VERSION = 1.0.0;
				MTL_ENABLE_DEBUG_INFO = INCLUDE_SOURCE;
				MTL_FAST_MATH = YES;
				ONLY_ACTIVE_ARCH = YES;
				PRODUCT_NAME = "$(TARGET_NAME)";
				SDKROOT = macosx;
				SWIFT_ACTIVE_COMPILATION_CONDITIONS = DEBUG;
				SWIFT_OPTIMIZATION_LEVEL = "-Onone";
				SWIFT_VERSION = 5.9;
			};
			name = Debug;
		};
		CDA23B9FBD8CEAD830D3416B /* Release */ = {
			isa = XCBuildConfiguration;
			buildSettings = {
				ALWAYS_SEARCH_USER_PATHS = NO;
				CLANG_ANALYZER_NONNULL = YES;
				CLANG_ANALYZER_NUMBER_OBJECT_CONVERSION = YES_AGGRESSIVE;
				CLANG_CXX_LANGUAGE_STANDARD = "gnu++14";
				CLANG_CXX_LIBRARY = "libc++";
				CLANG_ENABLE_MODULES = YES;
				CLANG_ENABLE_OBJC_ARC = YES;
				CLANG_ENABLE_OBJC_WEAK = YES;
				CLANG_WARN_BLOCK_CAPTURE_AUTORELEASING = YES;
				CLANG_WARN_BOOL_CONVERSION = YES;
				CLANG_WARN_COMMA = YES;
				CLANG_WARN_CONSTANT_CONVERSION = YES;
				CLANG_WARN_DEPRECATED_OBJC_IMPLEMENTATIONS = YES;
				CLANG_WARN_DIRECT_OBJC_ISA_USAGE = YES_ERROR;
				CLANG_WARN_DOCUMENTATION_COMMENTS = YES;
				CLANG_WARN_EMPTY_BODY = YES;
				CLANG_WARN_ENUM_CONVERSION = YES;
				CLANG_WARN_INFINITE_RECURSION = YES;
				CLANG_WARN_INT_CONVERSION = YES;
				CLANG_WARN_NON_LITERAL_NULL_CONVERSION = YES;
				CLANG_WARN_OBJC_IMPLICIT_RETAIN_SELF = YES;
				CLANG_WARN_OBJC_LITERAL_CONVERSION = YES;
				CLANG_WARN_OBJC_ROOT_CLASS = YES_ERROR;
				CLANG_WARN_QUOTED_INCLUDE_IN_FRAMEWORK_HEADER = YES;
				CLANG_WARN_RANGE_LOOP_ANALYSIS = YES;
				CLANG_WARN_STRICT_PROTOTYPES = YES;
				CLANG_WARN_SUSPICIOUS_MOVE = YES;
				CLANG_WARN_UNGUARDED_AVAILABILITY = YES_AGGRESSIVE;
				CLANG_WARN_UNREACHABLE_CODE = YES;
				CLANG_WARN__DUPLICATE_METHOD_MATCH = YES;
				CODE_SIGN_STYLE = Automatic;
				COPY_PHASE_STRIP = NO;
				CURRENT_PROJECT_VERSION = 1;
				DEBUG_INFORMATION_FORMAT = "dwarf-with-dsym";
				DEVELOPMENT_TEAM = GEL3VGTUJX;
				ENABLE_NS_ASSERTIONS = NO;
				ENABLE_STRICT_OBJC_MSGSEND = YES;
				GCC_C_LANGUAGE_STANDARD = gnu11;
				GCC_NO_COMMON_BLOCKS = YES;
				GCC_WARN_64_TO_32_BIT_CONVERSION = YES;
				GCC_WARN_ABOUT_RETURN_TYPE = YES_ERROR;
				GCC_WARN_UNDECLARED_SELECTOR = YES;
				GCC_WARN_UNINITIALIZED_AUTOS = YES_AGGRESSIVE;
				GCC_WARN_UNUSED_FUNCTION = YES;
				GCC_WARN_UNUSED_VARIABLE = YES;
				MACOSX_DEPLOYMENT_TARGET = 14.0;
				MARKETING_VERSION = 1.0.0;
				MTL_ENABLE_DEBUG_INFO = NO;
				MTL_FAST_MATH = YES;
				PRODUCT_NAME = "$(TARGET_NAME)";
				SDKROOT = macosx;
				SWIFT_COMPILATION_MODE = wholemodule;
				SWIFT_OPTIMIZATION_LEVEL = "-O";
				SWIFT_VERSION = 5.9;
			};
			name = Release;
		};
		CE8FD684C760D9460B27F423 /* Release */ = {
			isa = XCBuildConfiguration;
			buildSettings = {
				ASSETCATALOG_COMPILER_APPICON_NAME = AppIcon;
				CODE_SIGN_ENTITLEMENTS = OpenTaskMac/OpenTaskMac.entitlements;
				COMBINE_HIDPI_IMAGES = YES;
				INFOPLIST_FILE = OpenTaskMac/Info.plist;
				INFOPLIST_KEY_NSHumanReadableCopyright = "";
				LD_RUNPATH_SEARCH_PATHS = (
					"$(inherited)",
					"@executable_path/../Frameworks",
				);
				PRODUCT_BUNDLE_IDENTIFIER = io.mcnitt.opentask.mac;
				SDKROOT = macosx;
			};
			name = Release;
		};
/* End XCBuildConfiguration section */

/* Begin XCConfigurationList section */
		3832B3345B5BA3EAA878E2D1 /* Build configuration list for PBXProject "OpenTaskMac" */ = {
			isa = XCConfigurationList;
			buildConfigurations = (
				9CEA6BDAE6D830AB129921F1 /* Debug */,
				CDA23B9FBD8CEAD830D3416B /* Release */,
			);
			defaultConfigurationIsVisible = 0;
			defaultConfigurationName = Debug;
		};
		DA003F5CED97FFED8E473286 /* Build configuration list for PBXNativeTarget "OpenTaskMac" */ = {
			isa = XCConfigurationList;
			buildConfigurations = (
				724CF2CA3AF6E1B484FCD2B1 /* Debug */,
				CE8FD684C760D9460B27F423 /* Release */,
			);
			defaultConfigurationIsVisible = 0;
			defaultConfigurationName = Debug;
		};
/* End XCConfigurationList section */
	};
	rootObject = 4BB5B6630700E5DBEC2211A8 /* Project object */;
}
